
Microsoft Visual Studio Solution File, Format Version 12.00
# Visual Studio Version 16
VisualStudioVersion = 16.0.30907.101
MinimumVisualStudioVersion = 10.0.40219.1
Project("{8BC9CEB8-8B4A-11D0-8D11-00A0C91BC942}") = "HW6Lattics", "HW6Lattics\HW6Lattics.vcxproj", "{BEB4635B-C0A6-4BC8-93B9-2CDE6712658B}"
EndProject
Global
	GlobalSection(SolutionConfigurationPlatforms) = preSolution
		Debug|x64 = Debug|x64
		Debug|x86 = Debug|x86
		Release|x64 = Release|x64
		Release|x86 = Release|x86
	EndGlobalSection
	GlobalSection(ProjectConfigurationPlatforms) = postSolution
		{BEB4635B-C0A6-4BC8-93B9-2CDE6712658B}.Debug|x64.ActiveCfg = Debug|x64
		{BEB4635B-C0A6-4BC8-93B9-2CDE6712658B}.Debug|x64.Build.0 = Debug|x64
		{BEB4635B-C0A6-4BC8-93B9-2CDE6712658B}.Debug|x86.ActiveCfg = Debug|Win32
		{BEB4635B-C0A6-4BC8-93B9-2CDE6712658B}.Debug|x86.Build.0 = Debug|Win32
		{BEB4635B-C0A6-4BC8-93B9-2CDE6712658B}.Release|x64.ActiveCfg = Release|x64
		{BEB4635B-C0A6-4BC8-93B9-2CDE6712658B}.Release|x64.Build.0 = Release|x64
		{BEB4635B-C0A6-4BC8-93B9-2CDE6712658B}.Release|x86.ActiveCfg = Release|Win32
		{BEB4635B-C0A6-4BC8-93B9-2CDE6712658B}.Release|x86.Build.0 = Release|Win32
	EndGlobalSection
	GlobalSection(SolutionProperties) = preSolution
		HideSolutionNode = FALSE
	EndGlobalSection
	GlobalSection(ExtensibilityGlobals) = postSolution
		SolutionGuid = {A5F05E5D-2DE0-4D66-8567-FF15100BF784}
	EndGlobalSection
EndGlobal
