
Microsoft Visual Studio Solution File, Format Version 12.00
# Visual Studio Version 16
VisualStudioVersion = 16.0.30907.101
MinimumVisualStudioVersion = 10.0.40219.1
Project("{8BC9CEB8-8B4A-11D0-8D11-00A0C91BC942}") = "HW2DigitalCall", "HW2DigitalCall\HW2DigitalCall.vcxproj", "{25685D3F-2C38-4C28-8A16-C70434E9B675}"
EndProject
Global
	GlobalSection(SolutionConfigurationPlatforms) = preSolution
		Debug|x64 = Debug|x64
		Debug|x86 = Debug|x86
		Release|x64 = Release|x64
		Release|x86 = Release|x86
	EndGlobalSection
	GlobalSection(ProjectConfigurationPlatforms) = postSolution
		{25685D3F-2C38-4C28-8A16-C70434E9B675}.Debug|x64.ActiveCfg = Debug|x64
		{25685D3F-2C38-4C28-8A16-C70434E9B675}.Debug|x64.Build.0 = Debug|x64
		{25685D3F-2C38-4C28-8A16-C70434E9B675}.Debug|x86.ActiveCfg = Debug|Win32
		{25685D3F-2C38-4C28-8A16-C70434E9B675}.Debug|x86.Build.0 = Debug|Win32
		{25685D3F-2C38-4C28-8A16-C70434E9B675}.Release|x64.ActiveCfg = Release|x64
		{25685D3F-2C38-4C28-8A16-C70434E9B675}.Release|x64.Build.0 = Release|x64
		{25685D3F-2C38-4C28-8A16-C70434E9B675}.Release|x86.ActiveCfg = Release|Win32
		{25685D3F-2C38-4C28-8A16-C70434E9B675}.Release|x86.Build.0 = Release|Win32
	EndGlobalSection
	GlobalSection(SolutionProperties) = preSolution
		HideSolutionNode = FALSE
	EndGlobalSection
	GlobalSection(ExtensibilityGlobals) = postSolution
		SolutionGuid = {2AC70BBF-91B4-4CD4-B0B0-1160FB3DD11A}
	EndGlobalSection
EndGlobal
